
Microsoft Visual Studio Solution File, Format Version 12.00
# Visual Studio Version 17
VisualStudioVersion = 17.9.34723.18
MinimumVisualStudioVersion = 10.0.40219.1
Project("{FAE04EC0-301F-11D3-BF4B-00C04F79EFBC}") = "bakiye hesap modülü", "bakiye hesap modülü\bakiye hesap modülü.csproj", "{C7780E69-CF67-405C-902E-69BE22FCF4AD}"
EndProject
Global
	GlobalSection(SolutionConfigurationPlatforms) = preSolution
		Debug|Any CPU = Debug|Any CPU
		Release|Any CPU = Release|Any CPU
	EndGlobalSection
	GlobalSection(ProjectConfigurationPlatforms) = postSolution
		{C7780E69-CF67-405C-902E-69BE22FCF4AD}.Debug|Any CPU.ActiveCfg = Debug|Any CPU
		{C7780E69-CF67-405C-902E-69BE22FCF4AD}.Debug|Any CPU.Build.0 = Debug|Any CPU
		{C7780E69-CF67-405C-902E-69BE22FCF4AD}.Release|Any CPU.ActiveCfg = Release|Any CPU
		{C7780E69-CF67-405C-902E-69BE22FCF4AD}.Release|Any CPU.Build.0 = Release|Any CPU
	EndGlobalSection
	GlobalSection(SolutionProperties) = preSolution
		HideSolutionNode = FALSE
	EndGlobalSection
	GlobalSection(ExtensibilityGlobals) = postSolution
		SolutionGuid = {F5292965-87CF-4835-AECE-907A2309004E}
	EndGlobalSection
EndGlobal
